<Solution>
  <Folder Name="/docs/">
    <File Path="PROJECT_ROADMAP.md" />
  </Folder>
  <Folder Name="/docs/adr/">
    <File Path="0003-result-pattern.md" />
    <File Path="0004-domain-events.md" />
  </Folder>
  <Folder Name="/Solution Items/">
    <File Path="docker-compose.yml" />
    <File Path="README.md" />
  </Folder>
  <Folder Name="/src/" />
  <Folder Name="/src/BuildingBlocks/">
    <Project Path="src/BuildingBlocks/Hospital.Integration/Hospital.Integration.csproj" />
    <Project Path="src/BuildingBlocks/Hospital.SharedKernel/Hospital.SharedKernel.csproj" />
  </Folder>
  <Folder Name="/src/Hosts/">
    <Project Path="src/Hosts/Hospital.Api/Hospital.Api.csproj" />
  </Folder>
  <Folder Name="/src/Integrations/">
    <Project Path="src/Integrations/Hospital.MockHospital/Hospital.MockHospital.csproj" />
  </Folder>
  <Folder Name="/src/Modules/" />
  <Folder Name="/src/Modules/Patients/">
    <Project Path="src/Modules/Patients/Hospital.Patients.Application/Hospital.Patients.Application.csproj" />
    <Project Path="src/Modules/Patients/Hospital.Patients.Contracts/Hospital.Patients.Contracts.csproj" />
    <Project Path="src/Modules/Patients/Hospital.Patients.Domain/Hospital.Patients.Domain.csproj" />
    <Project Path="src/Modules/Patients/Hospital.Patients.Infrastructure/Hospital.Patients.Infrastructure.csproj" />
  </Folder>
  <Folder Name="/tests/" />
  <Folder Name="/tests/BuildingBlocks/">
    <Project Path="tests/BuildingBlocks/Hospital.Integration.UnitTests/Hospital.Integration.UnitTests.csproj" />
    <Project Path="tests/BuildingBlocks/Hospital.SharedKernel.UnitTests/Hospital.SharedKernel.UnitTests.csproj" />
  </Folder>
  <Folder Name="/tests/Integrations/">
    <Project Path="tests/Integrations/Hospital.MockHospital.UnitTests/Hospital.MockHospital.UnitTests.csproj" />
  </Folder>
  <Folder Name="/tests/Modules/" />
  <Folder Name="/tests/Modules/Patients/">
    <Project Path="tests/Modules/Patients/Hospital.Patients.ApplicationTests/Hospital.Patients.ApplicationTests.csproj" />
    <Project Path="tests/Modules/Patients/Hospital.Patients.IntegrationTests/Hospital.Patients.IntegrationTests.csproj" />
    <Project Path="tests/Modules/Patients/Hospital.Patients.UnitTests/Hospital.Patients.UnitTests.csproj" />
  </Folder>
</Solution>
